
Microsoft Visual Studio Solution File, Format Version 12.00
# Visual Studio 15
VisualStudioVersion = 15.0.28307.136
MinimumVisualStudioVersion = 10.0.40219.1
Project("{FAE04EC0-301F-11D3-BF4B-00C04F79EFBC}") = "xChatAPI", "xChatAPI\xChatAPI.csproj", "{2B9DBC1D-B4E4-4F5D-B544-611C47D49406}"
EndProject
Project("{FAE04EC0-301F-11D3-BF4B-00C04F79EFBC}") = "xChatWeb", "xChatWeb\xChatWeb.csproj", "{EF752573-5B87-4FB7-A8DB-48657184745D}"
EndProject
Project("{FAE04EC0-301F-11D3-BF4B-00C04F79EFBC}") = "xChatEntities", "xChatEntities\xChatEntities.csproj", "{63FB9923-832C-4950-AF53-123CA43B0622}"
EndProject
Project("{FAE04EC0-301F-11D3-BF4B-00C04F79EFBC}") = "xChatUtilities", "xChatUtilities\xChatUtilities.csproj", "{24F0CAB0-0B14-4D8D-9F17-098406E00F22}"
EndProject
Project("{FAE04EC0-301F-11D3-BF4B-00C04F79EFBC}") = "xSqlService", "xSqlService\xSqlService.csproj", "{74B038BD-9859-4C45-A494-FBFB4C3E05A0}"
EndProject
Project("{FAE04EC0-301F-11D3-BF4B-00C04F79EFBC}") = "xChatBusiness", "xChatBusiness\xChatBusiness.csproj", "{84D86335-88FD-479F-805E-2EB3E3452E99}"
EndProject
Project("{FAE04EC0-301F-11D3-BF4B-00C04F79EFBC}") = "xChatDAO", "xChatDAO\xChatDAO.csproj", "{10F2E5DC-E95E-4538-B057-57CC520170D6}"
EndProject
Global
	GlobalSection(SolutionConfigurationPlatforms) = preSolution
		Debug|Any CPU = Debug|Any CPU
		Release|Any CPU = Release|Any CPU
	EndGlobalSection
	GlobalSection(ProjectConfigurationPlatforms) = postSolution
		{2B9DBC1D-B4E4-4F5D-B544-611C47D49406}.Debug|Any CPU.ActiveCfg = Debug|Any CPU
		{2B9DBC1D-B4E4-4F5D-B544-611C47D49406}.Debug|Any CPU.Build.0 = Debug|Any CPU
		{2B9DBC1D-B4E4-4F5D-B544-611C47D49406}.Release|Any CPU.ActiveCfg = Release|Any CPU
		{2B9DBC1D-B4E4-4F5D-B544-611C47D49406}.Release|Any CPU.Build.0 = Release|Any CPU
		{EF752573-5B87-4FB7-A8DB-48657184745D}.Debug|Any CPU.ActiveCfg = Debug|Any CPU
		{EF752573-5B87-4FB7-A8DB-48657184745D}.Debug|Any CPU.Build.0 = Debug|Any CPU
		{EF752573-5B87-4FB7-A8DB-48657184745D}.Release|Any CPU.ActiveCfg = Release|Any CPU
		{EF752573-5B87-4FB7-A8DB-48657184745D}.Release|Any CPU.Build.0 = Release|Any CPU
		{63FB9923-832C-4950-AF53-123CA43B0622}.Debug|Any CPU.ActiveCfg = Debug|Any CPU
		{63FB9923-832C-4950-AF53-123CA43B0622}.Debug|Any CPU.Build.0 = Debug|Any CPU
		{63FB9923-832C-4950-AF53-123CA43B0622}.Release|Any CPU.ActiveCfg = Release|Any CPU
		{63FB9923-832C-4950-AF53-123CA43B0622}.Release|Any CPU.Build.0 = Release|Any CPU
		{24F0CAB0-0B14-4D8D-9F17-098406E00F22}.Debug|Any CPU.ActiveCfg = Debug|Any CPU
		{24F0CAB0-0B14-4D8D-9F17-098406E00F22}.Debug|Any CPU.Build.0 = Debug|Any CPU
		{24F0CAB0-0B14-4D8D-9F17-098406E00F22}.Release|Any CPU.ActiveCfg = Release|Any CPU
		{24F0CAB0-0B14-4D8D-9F17-098406E00F22}.Release|Any CPU.Build.0 = Release|Any CPU
		{74B038BD-9859-4C45-A494-FBFB4C3E05A0}.Debug|Any CPU.ActiveCfg = Debug|Any CPU
		{74B038BD-9859-4C45-A494-FBFB4C3E05A0}.Debug|Any CPU.Build.0 = Debug|Any CPU
		{74B038BD-9859-4C45-A494-FBFB4C3E05A0}.Release|Any CPU.ActiveCfg = Release|Any CPU
		{74B038BD-9859-4C45-A494-FBFB4C3E05A0}.Release|Any CPU.Build.0 = Release|Any CPU
		{84D86335-88FD-479F-805E-2EB3E3452E99}.Debug|Any CPU.ActiveCfg = Debug|Any CPU
		{84D86335-88FD-479F-805E-2EB3E3452E99}.Debug|Any CPU.Build.0 = Debug|Any CPU
		{84D86335-88FD-479F-805E-2EB3E3452E99}.Release|Any CPU.ActiveCfg = Release|Any CPU
		{84D86335-88FD-479F-805E-2EB3E3452E99}.Release|Any CPU.Build.0 = Release|Any CPU
		{10F2E5DC-E95E-4538-B057-57CC520170D6}.Debug|Any CPU.ActiveCfg = Debug|Any CPU
		{10F2E5DC-E95E-4538-B057-57CC520170D6}.Debug|Any CPU.Build.0 = Debug|Any CPU
		{10F2E5DC-E95E-4538-B057-57CC520170D6}.Release|Any CPU.ActiveCfg = Release|Any CPU
		{10F2E5DC-E95E-4538-B057-57CC520170D6}.Release|Any CPU.Build.0 = Release|Any CPU
	EndGlobalSection
	GlobalSection(SolutionProperties) = preSolution
		HideSolutionNode = FALSE
	EndGlobalSection
	GlobalSection(ExtensibilityGlobals) = postSolution
		SolutionGuid = {6F1115C1-D943-46CE-9DEE-6E440B0069A7}
	EndGlobalSection
EndGlobal
